// !$*UTF8*$!
{
	archiveVersion = 1;
	classes = {
	};
	objectVersion = 51;
	objects = {

/* Begin PBXBuildFile section */
		7E51E3ADD9B0D1E5B7C48CFB /* Pods_Eventogy.framework in Frameworks */ = {isa = PBXBuildFile; fileRef = C161B61F20177FE4F6392FCB /* Pods_Eventogy.framework */; };
		E71CDE6824926B0900F5EE9A /* AppDelegate.swift in Sources */ = {isa = PBXBuildFile; fileRef = E71CDE6724926B0900F5EE9A /* AppDelegate.swift */; };
		E71CDE7124926B0900F5EE9A /* Main.storyboard in Resources */ = {isa = PBXBuildFile; fileRef = E71CDE6F24926B0900F5EE9A /* Main.storyboard */; };
		E71CDE7324926B0B00F5EE9A /* Assets.xcassets in Resources */ = {isa = PBXBuildFile; fileRef = E71CDE7224926B0B00F5EE9A /* Assets.xcassets */; };
		E71CDE7624926B0B00F5EE9A /* LaunchScreen.storyboard in Resources */ = {isa = PBXBuildFile; fileRef = E71CDE7424926B0B00F5EE9A /* LaunchScreen.storyboard */; };
		E71CDE8124926B0B00F5EE9A /* EventogyTests.swift in Sources */ = {isa = PBXBuildFile; fileRef = E71CDE8024926B0B00F5EE9A /* EventogyTests.swift */; };
		E71CDE8E249279AD00F5EE9A /* Contact.swift in Sources */ = {isa = PBXBuildFile; fileRef = E71CDE8D249279AD00F5EE9A /* Contact.swift */; };
		E71CDE9124927A0500F5EE9A /* contacts.json in Resources */ = {isa = PBXBuildFile; fileRef = E71CDE9024927A0400F5EE9A /* contacts.json */; };
		E71CDE9324927C2200F5EE9A /* EODecoder.swift in Sources */ = {isa = PBXBuildFile; fileRef = E71CDE9224927C2200F5EE9A /* EODecoder.swift */; };
		E71CDE9924927DDD00F5EE9A /* ServiceType.swift in Sources */ = {isa = PBXBuildFile; fileRef = E71CDE9824927DDD00F5EE9A /* ServiceType.swift */; };
		E71CDE9A24927F2A00F5EE9A /* MockService.swift in Sources */ = {isa = PBXBuildFile; fileRef = E71CDE9424927D8C00F5EE9A /* MockService.swift */; };
		F7DFAC0B44A7EE65A7721B2F /* Pods_EventogyTests.framework in Frameworks */ = {isa = PBXBuildFile; fileRef = B50944FAA6EEFBCF0BF47A62 /* Pods_EventogyTests.framework */; };
/* End PBXBuildFile section */

/* Begin PBXContainerItemProxy section */
		E71CDE7D24926B0B00F5EE9A /* PBXContainerItemProxy */ = {
			isa = PBXContainerItemProxy;
			containerPortal = E71CDE5C24926B0900F5EE9A /* Project object */;
			proxyType = 1;
			remoteGlobalIDString = E71CDE6324926B0900F5EE9A;
			remoteInfo = eventogy;
		};
/* End PBXContainerItemProxy section */

/* Begin PBXFileReference section */
		2A873B843A01D599F50CC632 /* Pods-Eventogy.debug.xcconfig */ = {isa = PBXFileReference; includeInIndex = 1; lastKnownFileType = text.xcconfig; name = "Pods-Eventogy.debug.xcconfig"; path = "Target Support Files/Pods-Eventogy/Pods-Eventogy.debug.xcconfig"; sourceTree = "<group>"; };
		61B203F898490D6DD22AD312 /* Pods-EventogyTests.release.xcconfig */ = {isa = PBXFileReference; includeInIndex = 1; lastKnownFileType = text.xcconfig; name = "Pods-EventogyTests.release.xcconfig"; path = "Target Support Files/Pods-EventogyTests/Pods-EventogyTests.release.xcconfig"; sourceTree = "<group>"; };
		65401C0A55915638855F1873 /* Pods-EventogyTests.debug.xcconfig */ = {isa = PBXFileReference; includeInIndex = 1; lastKnownFileType = text.xcconfig; name = "Pods-EventogyTests.debug.xcconfig"; path = "Target Support Files/Pods-EventogyTests/Pods-EventogyTests.debug.xcconfig"; sourceTree = "<group>"; };
		B50944FAA6EEFBCF0BF47A62 /* Pods_EventogyTests.framework */ = {isa = PBXFileReference; explicitFileType = wrapper.framework; includeInIndex = 0; path = Pods_EventogyTests.framework; sourceTree = BUILT_PRODUCTS_DIR; };
		C161B61F20177FE4F6392FCB /* Pods_Eventogy.framework */ = {isa = PBXFileReference; explicitFileType = wrapper.framework; includeInIndex = 0; path = Pods_Eventogy.framework; sourceTree = BUILT_PRODUCTS_DIR; };
		E47ED9BFBE953CC934F0E25E /* Pods-Eventogy.release.xcconfig */ = {isa = PBXFileReference; includeInIndex = 1; lastKnownFileType = text.xcconfig; name = "Pods-Eventogy.release.xcconfig"; path = "Target Support Files/Pods-Eventogy/Pods-Eventogy.release.xcconfig"; sourceTree = "<group>"; };
		E71CDE6424926B0900F5EE9A /* Eventogy.app */ = {isa = PBXFileReference; explicitFileType = wrapper.application; includeInIndex = 0; path = Eventogy.app; sourceTree = BUILT_PRODUCTS_DIR; };
		E71CDE6724926B0900F5EE9A /* AppDelegate.swift */ = {isa = PBXFileReference; lastKnownFileType = sourcecode.swift; path = AppDelegate.swift; sourceTree = "<group>"; };
		E71CDE7024926B0900F5EE9A /* Base */ = {isa = PBXFileReference; lastKnownFileType = file.storyboard; name = Base; path = Base.lproj/Main.storyboard; sourceTree = "<group>"; };
		E71CDE7224926B0B00F5EE9A /* Assets.xcassets */ = {isa = PBXFileReference; lastKnownFileType = folder.assetcatalog; path = Assets.xcassets; sourceTree = "<group>"; };
		E71CDE7524926B0B00F5EE9A /* Base */ = {isa = PBXFileReference; lastKnownFileType = file.storyboard; name = Base; path = Base.lproj/LaunchScreen.storyboard; sourceTree = "<group>"; };
		E71CDE7724926B0B00F5EE9A /* Info.plist */ = {isa = PBXFileReference; lastKnownFileType = text.plist.xml; path = Info.plist; sourceTree = "<group>"; };
		E71CDE7C24926B0B00F5EE9A /* EventogyTests.xctest */ = {isa = PBXFileReference; explicitFileType = wrapper.cfbundle; includeInIndex = 0; path = EventogyTests.xctest; sourceTree = BUILT_PRODUCTS_DIR; };
		E71CDE8024926B0B00F5EE9A /* EventogyTests.swift */ = {isa = PBXFileReference; lastKnownFileType = sourcecode.swift; path = EventogyTests.swift; sourceTree = "<group>"; };
		E71CDE8224926B0B00F5EE9A /* Info.plist */ = {isa = PBXFileReference; lastKnownFileType = text.plist.xml; path = Info.plist; sourceTree = "<group>"; };
		E71CDE8D249279AD00F5EE9A /* Contact.swift */ = {isa = PBXFileReference; lastKnownFileType = sourcecode.swift; path = Contact.swift; sourceTree = "<group>"; };
		E71CDE9024927A0400F5EE9A /* contacts.json */ = {isa = PBXFileReference; fileEncoding = 4; lastKnownFileType = text.json; path = contacts.json; sourceTree = "<group>"; };
		E71CDE9224927C2200F5EE9A /* EODecoder.swift */ = {isa = PBXFileReference; lastKnownFileType = sourcecode.swift; path = EODecoder.swift; sourceTree = "<group>"; };
		E71CDE9424927D8C00F5EE9A /* MockService.swift */ = {isa = PBXFileReference; lastKnownFileType = sourcecode.swift; path = MockService.swift; sourceTree = "<group>"; };
		E71CDE9824927DDD00F5EE9A /* ServiceType.swift */ = {isa = PBXFileReference; lastKnownFileType = sourcecode.swift; path = ServiceType.swift; sourceTree = "<group>"; };
/* End PBXFileReference section */

/* Begin PBXFrameworksBuildPhase section */
		E71CDE6124926B0900F5EE9A /* Frameworks */ = {
			isa = PBXFrameworksBuildPhase;
			buildActionMask = 2147483647;
			files = (
				7E51E3ADD9B0D1E5B7C48CFB /* Pods_Eventogy.framework in Frameworks */,
			);
			runOnlyForDeploymentPostprocessing = 0;
		};
		E71CDE7924926B0B00F5EE9A /* Frameworks */ = {
			isa = PBXFrameworksBuildPhase;
			buildActionMask = 2147483647;
			files = (
				F7DFAC0B44A7EE65A7721B2F /* Pods_EventogyTests.framework in Frameworks */,
			);
			runOnlyForDeploymentPostprocessing = 0;
		};
/* End PBXFrameworksBuildPhase section */

/* Begin PBXGroup section */
		5C515F65F511CB6987545E4E /* Pods */ = {
			isa = PBXGroup;
			children = (
				2A873B843A01D599F50CC632 /* Pods-Eventogy.debug.xcconfig */,
				E47ED9BFBE953CC934F0E25E /* Pods-Eventogy.release.xcconfig */,
				65401C0A55915638855F1873 /* Pods-EventogyTests.debug.xcconfig */,
				61B203F898490D6DD22AD312 /* Pods-EventogyTests.release.xcconfig */,
			);
			path = Pods;
			sourceTree = "<group>";
		};
		C2E057A0867F1F2BF80221E2 /* Frameworks */ = {
			isa = PBXGroup;
			children = (
				C161B61F20177FE4F6392FCB /* Pods_Eventogy.framework */,
				B50944FAA6EEFBCF0BF47A62 /* Pods_EventogyTests.framework */,
			);
			name = Frameworks;
			sourceTree = "<group>";
		};
		E71CDE5B24926B0900F5EE9A = {
			isa = PBXGroup;
			children = (
				E71CDE6624926B0900F5EE9A /* Eventogy */,
				E71CDE7F24926B0B00F5EE9A /* EventogyTests */,
				E71CDE6524926B0900F5EE9A /* Products */,
				5C515F65F511CB6987545E4E /* Pods */,
				C2E057A0867F1F2BF80221E2 /* Frameworks */,
			);
			sourceTree = "<group>";
		};
		E71CDE6524926B0900F5EE9A /* Products */ = {
			isa = PBXGroup;
			children = (
				E71CDE6424926B0900F5EE9A /* Eventogy.app */,
				E71CDE7C24926B0B00F5EE9A /* EventogyTests.xctest */,
			);
			name = Products;
			sourceTree = "<group>";
		};
		E71CDE6624926B0900F5EE9A /* Eventogy */ = {
			isa = PBXGroup;
			children = (
				E71CDE9724927DBA00F5EE9A /* APIService */,
				E71CDE6724926B0900F5EE9A /* AppDelegate.swift */,
				E71CDE8C24926B3500F5EE9A /* support */,
				E71CDE8F249279B200F5EE9A /* Model */,
			);
			path = Eventogy;
			sourceTree = "<group>";
		};
		E71CDE7F24926B0B00F5EE9A /* EventogyTests */ = {
			isa = PBXGroup;
			children = (
				E71CDE9024927A0400F5EE9A /* contacts.json */,
				E71CDE8024926B0B00F5EE9A /* EventogyTests.swift */,
				E71CDE8224926B0B00F5EE9A /* Info.plist */,
			);
			path = EventogyTests;
			sourceTree = "<group>";
		};
		E71CDE8C24926B3500F5EE9A /* support */ = {
			isa = PBXGroup;
			children = (
				E71CDE6F24926B0900F5EE9A /* Main.storyboard */,
				E71CDE7224926B0B00F5EE9A /* Assets.xcassets */,
				E71CDE7424926B0B00F5EE9A /* LaunchScreen.storyboard */,
				E71CDE7724926B0B00F5EE9A /* Info.plist */,
			);
			path = support;
			sourceTree = "<group>";
		};
		E71CDE8F249279B200F5EE9A /* Model */ = {
			isa = PBXGroup;
			children = (
				E71CDE8D249279AD00F5EE9A /* Contact.swift */,
				E71CDE9224927C2200F5EE9A /* EODecoder.swift */,
			);
			name = Model;
			sourceTree = "<group>";
		};
		E71CDE9724927DBA00F5EE9A /* APIService */ = {
			isa = PBXGroup;
			children = (
				E71CDE9424927D8C00F5EE9A /* MockService.swift */,
				E71CDE9824927DDD00F5EE9A /* ServiceType.swift */,
			);
			path = APIService;
			sourceTree = "<group>";
		};
/* End PBXGroup section */

/* Begin PBXNativeTarget section */
		E71CDE6324926B0900F5EE9A /* Eventogy */ = {
			isa = PBXNativeTarget;
			buildConfigurationList = E71CDE8524926B0B00F5EE9A /* Build configuration list for PBXNativeTarget "Eventogy" */;
			buildPhases = (
				371D1C482BBD845049BD2EDD /* [CP] Check Pods Manifest.lock */,
				E71CDE6024926B0900F5EE9A /* Sources */,
				E71CDE6124926B0900F5EE9A /* Frameworks */,
				E71CDE6224926B0900F5EE9A /* Resources */,
				9A5AE990BEDD5BD4BF2B194A /* [CP] Embed Pods Frameworks */,
			);
			buildRules = (
			);
			dependencies = (
			);
			name = Eventogy;
			productName = eventogy;
			productReference = E71CDE6424926B0900F5EE9A /* Eventogy.app */;
			productType = "com.apple.product-type.application";
		};
		E71CDE7B24926B0B00F5EE9A /* EventogyTests */ = {
			isa = PBXNativeTarget;
			buildConfigurationList = E71CDE8824926B0B00F5EE9A /* Build configuration list for PBXNativeTarget "EventogyTests" */;
			buildPhases = (
				1AFC24C52DF7731B610CD893 /* [CP] Check Pods Manifest.lock */,
				E71CDE7824926B0B00F5EE9A /* Sources */,
				E71CDE7924926B0B00F5EE9A /* Frameworks */,
				E71CDE7A24926B0B00F5EE9A /* Resources */,
			);
			buildRules = (
			);
			dependencies = (
				E71CDE7E24926B0B00F5EE9A /* PBXTargetDependency */,
			);
			name = EventogyTests;
			productName = eventogyTests;
			productReference = E71CDE7C24926B0B00F5EE9A /* EventogyTests.xctest */;
			productType = "com.apple.product-type.bundle.unit-test";
		};
/* End PBXNativeTarget section */

/* Begin PBXProject section */
		E71CDE5C24926B0900F5EE9A /* Project object */ = {
			isa = PBXProject;
			attributes = {
				LastSwiftUpdateCheck = 1140;
				LastUpgradeCheck = 1140;
				ORGANIZATIONNAME = zip520123;
				TargetAttributes = {
					E71CDE6324926B0900F5EE9A = {
						CreatedOnToolsVersion = 11.4.1;
					};
					E71CDE7B24926B0B00F5EE9A = {
						CreatedOnToolsVersion = 11.4.1;
						TestTargetID = E71CDE6324926B0900F5EE9A;
					};
				};
			};
			buildConfigurationList = E71CDE5F24926B0900F5EE9A /* Build configuration list for PBXProject "Eventogy" */;
			compatibilityVersion = "Xcode 9.3";
			developmentRegion = en;
			hasScannedForEncodings = 0;
			knownRegions = (
				en,
				Base,
			);
			mainGroup = E71CDE5B24926B0900F5EE9A;
			productRefGroup = E71CDE6524926B0900F5EE9A /* Products */;
			projectDirPath = "";
			projectRoot = "";
			targets = (
				E71CDE6324926B0900F5EE9A /* Eventogy */,
				E71CDE7B24926B0B00F5EE9A /* EventogyTests */,
			);
		};
/* End PBXProject section */

/* Begin PBXResourcesBuildPhase section */
		E71CDE6224926B0900F5EE9A /* Resources */ = {
			isa = PBXResourcesBuildPhase;
			buildActionMask = 2147483647;
			files = (
				E71CDE7624926B0B00F5EE9A /* LaunchScreen.storyboard in Resources */,
				E71CDE7324926B0B00F5EE9A /* Assets.xcassets in Resources */,
				E71CDE7124926B0900F5EE9A /* Main.storyboard in Resources */,
			);
			runOnlyForDeploymentPostprocessing = 0;
		};
		E71CDE7A24926B0B00F5EE9A /* Resources */ = {
			isa = PBXResourcesBuildPhase;
			buildActionMask = 2147483647;
			files = (
				E71CDE9124927A0500F5EE9A /* contacts.json in Resources */,
			);
			runOnlyForDeploymentPostprocessing = 0;
		};
/* End PBXResourcesBuildPhase section */

/* Begin PBXShellScriptBuildPhase section */
		1AFC24C52DF7731B610CD893 /* [CP] Check Pods Manifest.lock */ = {
			isa = PBXShellScriptBuildPhase;
			buildActionMask = 2147483647;
			files = (
			);
			inputFileListPaths = (
			);
			inputPaths = (
				"${PODS_PODFILE_DIR_PATH}/Podfile.lock",
				"${PODS_ROOT}/Manifest.lock",
			);
			name = "[CP] Check Pods Manifest.lock";
			outputFileListPaths = (
			);
			outputPaths = (
				"$(DERIVED_FILE_DIR)/Pods-EventogyTests-checkManifestLockResult.txt",
			);
			runOnlyForDeploymentPostprocessing = 0;
			shellPath = /bin/sh;
			shellScript = "diff \"${PODS_PODFILE_DIR_PATH}/Podfile.lock\" \"${PODS_ROOT}/Manifest.lock\" > /dev/null\nif [ $? != 0 ] ; then\n    # print error to STDERR\n    echo \"error: The sandbox is not in sync with the Podfile.lock. Run 'pod install' or update your CocoaPods installation.\" >&2\n    exit 1\nfi\n# This output is used by Xcode 'outputs' to avoid re-running this script phase.\necho \"SUCCESS\" > \"${SCRIPT_OUTPUT_FILE_0}\"\n";
			showEnvVarsInLog = 0;
		};
		371D1C482BBD845049BD2EDD /* [CP] Check Pods Manifest.lock */ = {
			isa = PBXShellScriptBuildPhase;
			buildActionMask = 2147483647;
			files = (
			);
			inputFileListPaths = (
			);
			inputPaths = (
				"${PODS_PODFILE_DIR_PATH}/Podfile.lock",
				"${PODS_ROOT}/Manifest.lock",
			);
			name = "[CP] Check Pods Manifest.lock";
			outputFileListPaths = (
			);
			outputPaths = (
				"$(DERIVED_FILE_DIR)/Pods-Eventogy-checkManifestLockResult.txt",
			);
			runOnlyForDeploymentPostprocessing = 0;
			shellPath = /bin/sh;
			shellScript = "diff \"${PODS_PODFILE_DIR_PATH}/Podfile.lock\" \"${PODS_ROOT}/Manifest.lock\" > /dev/null\nif [ $? != 0 ] ; then\n    # print error to STDERR\n    echo \"error: The sandbox is not in sync with the Podfile.lock. Run 'pod install' or update your CocoaPods installation.\" >&2\n    exit 1\nfi\n# This output is used by Xcode 'outputs' to avoid re-running this script phase.\necho \"SUCCESS\" > \"${SCRIPT_OUTPUT_FILE_0}\"\n";
			showEnvVarsInLog = 0;
		};
		9A5AE990BEDD5BD4BF2B194A /* [CP] Embed Pods Frameworks */ = {
			isa = PBXShellScriptBuildPhase;
			buildActionMask = 2147483647;
			files = (
			);
			inputFileListPaths = (
				"${PODS_ROOT}/Target Support Files/Pods-Eventogy/Pods-Eventogy-frameworks-${CONFIGURATION}-input-files.xcfilelist",
			);
			name = "[CP] Embed Pods Frameworks";
			outputFileListPaths = (
				"${PODS_ROOT}/Target Support Files/Pods-Eventogy/Pods-Eventogy-frameworks-${CONFIGURATION}-output-files.xcfilelist",
			);
			runOnlyForDeploymentPostprocessing = 0;
			shellPath = /bin/sh;
			shellScript = "\"${PODS_ROOT}/Target Support Files/Pods-Eventogy/Pods-Eventogy-frameworks.sh\"\n";
			showEnvVarsInLog = 0;
		};
/* End PBXShellScriptBuildPhase section */

/* Begin PBXSourcesBuildPhase section */
		E71CDE6024926B0900F5EE9A /* Sources */ = {
			isa = PBXSourcesBuildPhase;
			buildActionMask = 2147483647;
			files = (
				E71CDE9324927C2200F5EE9A /* EODecoder.swift in Sources */,
				E71CDE9A24927F2A00F5EE9A /* MockService.swift in Sources */,
				E71CDE8E249279AD00F5EE9A /* Contact.swift in Sources */,
				E71CDE6824926B0900F5EE9A /* AppDelegate.swift in Sources */,
				E71CDE9924927DDD00F5EE9A /* ServiceType.swift in Sources */,
			);
			runOnlyForDeploymentPostprocessing = 0;
		};
		E71CDE7824926B0B00F5EE9A /* Sources */ = {
			isa = PBXSourcesBuildPhase;
			buildActionMask = 2147483647;
			files = (
				E71CDE8124926B0B00F5EE9A /* EventogyTests.swift in Sources */,
			);
			runOnlyForDeploymentPostprocessing = 0;
		};
/* End PBXSourcesBuildPhase section */

/* Begin PBXTargetDependency section */
		E71CDE7E24926B0B00F5EE9A /* PBXTargetDependency */ = {
			isa = PBXTargetDependency;
			target = E71CDE6324926B0900F5EE9A /* Eventogy */;
			targetProxy = E71CDE7D24926B0B00F5EE9A /* PBXContainerItemProxy */;
		};
/* End PBXTargetDependency section */

/* Begin PBXVariantGroup section */
		E71CDE6F24926B0900F5EE9A /* Main.storyboard */ = {
			isa = PBXVariantGroup;
			children = (
				E71CDE7024926B0900F5EE9A /* Base */,
			);
			name = Main.storyboard;
			sourceTree = "<group>";
		};
		E71CDE7424926B0B00F5EE9A /* LaunchScreen.storyboard */ = {
			isa = PBXVariantGroup;
			children = (
				E71CDE7524926B0B00F5EE9A /* Base */,
			);
			name = LaunchScreen.storyboard;
			sourceTree = "<group>";
		};
/* End PBXVariantGroup section */

/* Begin XCBuildConfiguration section */
		E71CDE8324926B0B00F5EE9A /* Debug */ = {
			isa = XCBuildConfiguration;
			buildSettings = {
				ALWAYS_SEARCH_USER_PATHS = NO;
				CLANG_ANALYZER_NONNULL = YES;
				CLANG_ANALYZER_NUMBER_OBJECT_CONVERSION = YES_AGGRESSIVE;
				CLANG_CXX_LANGUAGE_STANDARD = "gnu++14";
				CLANG_CXX_LIBRARY = "libc++";
				CLANG_ENABLE_MODULES = YES;
				CLANG_ENABLE_OBJC_ARC = YES;
				CLANG_ENABLE_OBJC_WEAK = YES;
				CLANG_WARN_BLOCK_CAPTURE_AUTORELEASING = YES;
				CLANG_WARN_BOOL_CONVERSION = YES;
				CLANG_WARN_COMMA = YES;
				CLANG_WARN_CONSTANT_CONVERSION = YES;
				CLANG_WARN_DEPRECATED_OBJC_IMPLEMENTATIONS = YES;
				CLANG_WARN_DIRECT_OBJC_ISA_USAGE = YES_ERROR;
				CLANG_WARN_DOCUMENTATION_COMMENTS = YES;
				CLANG_WARN_EMPTY_BODY = YES;
				CLANG_WARN_ENUM_CONVERSION = YES;
				CLANG_WARN_INFINITE_RECURSION = YES;
				CLANG_WARN_INT_CONVERSION = YES;
				CLANG_WARN_NON_LITERAL_NULL_CONVERSION = YES;
				CLANG_WARN_OBJC_IMPLICIT_RETAIN_SELF = YES;
				CLANG_WARN_OBJC_LITERAL_CONVERSION = YES;
				CLANG_WARN_OBJC_ROOT_CLASS = YES_ERROR;
				CLANG_WARN_RANGE_LOOP_ANALYSIS = YES;
				CLANG_WARN_STRICT_PROTOTYPES = YES;
				CLANG_WARN_SUSPICIOUS_MOVE = YES;
				CLANG_WARN_UNGUARDED_AVAILABILITY = YES_AGGRESSIVE;
				CLANG_WARN_UNREACHABLE_CODE = YES;
				CLANG_WARN__DUPLICATE_METHOD_MATCH = YES;
				COPY_PHASE_STRIP = NO;
				DEBUG_INFORMATION_FORMAT = dwarf;
				ENABLE_STRICT_OBJC_MSGSEND = YES;
				ENABLE_TESTABILITY = YES;
				GCC_C_LANGUAGE_STANDARD = gnu11;
				GCC_DYNAMIC_NO_PIC = NO;
				GCC_NO_COMMON_BLOCKS = YES;
				GCC_OPTIMIZATION_LEVEL = 0;
				GCC_PREPROCESSOR_DEFINITIONS = (
					"DEBUG=1",
					"$(inherited)",
				);
				GCC_WARN_64_TO_32_BIT_CONVERSION = YES;
				GCC_WARN_ABOUT_RETURN_TYPE = YES_ERROR;
				GCC_WARN_UNDECLARED_SELECTOR = YES;
				GCC_WARN_UNINITIALIZED_AUTOS = YES_AGGRESSIVE;
				GCC_WARN_UNUSED_FUNCTION = YES;
				GCC_WARN_UNUSED_VARIABLE = YES;
				IPHONEOS_DEPLOYMENT_TARGET = 13.4;
				MTL_ENABLE_DEBUG_INFO = INCLUDE_SOURCE;
				MTL_FAST_MATH = YES;
				ONLY_ACTIVE_ARCH = YES;
				SDKROOT = iphoneos;
				SWIFT_ACTIVE_COMPILATION_CONDITIONS = DEBUG;
				SWIFT_OPTIMIZATION_LEVEL = "-Onone";
			};
			name = Debug;
		};
		E71CDE8424926B0B00F5EE9A /* Release */ = {
			isa = XCBuildConfiguration;
			buildSettings = {
				ALWAYS_SEARCH_USER_PATHS = NO;
				CLANG_ANALYZER_NONNULL = YES;
				CLANG_ANALYZER_NUMBER_OBJECT_CONVERSION = YES_AGGRESSIVE;
				CLANG_CXX_LANGUAGE_STANDARD = "gnu++14";
				CLANG_CXX_LIBRARY = "libc++";
				CLANG_ENABLE_MODULES = YES;
				CLANG_ENABLE_OBJC_ARC = YES;
				CLANG_ENABLE_OBJC_WEAK = YES;
				CLANG_WARN_BLOCK_CAPTURE_AUTORELEASING = YES;
				CLANG_WARN_BOOL_CONVERSION = YES;
				CLANG_WARN_COMMA = YES;
				CLANG_WARN_CONSTANT_CONVERSION = YES;
				CLANG_WARN_DEPRECATED_OBJC_IMPLEMENTATIONS = YES;
				CLANG_WARN_DIRECT_OBJC_ISA_USAGE = YES_ERROR;
				CLANG_WARN_DOCUMENTATION_COMMENTS = YES;
				CLANG_WARN_EMPTY_BODY = YES;
				CLANG_WARN_ENUM_CONVERSION = YES;
				CLANG_WARN_INFINITE_RECURSION = YES;
				CLANG_WARN_INT_CONVERSION = YES;
				CLANG_WARN_NON_LITERAL_NULL_CONVERSION = YES;
				CLANG_WARN_OBJC_IMPLICIT_RETAIN_SELF = YES;
				CLANG_WARN_OBJC_LITERAL_CONVERSION = YES;
				CLANG_WARN_OBJC_ROOT_CLASS = YES_ERROR;
				CLANG_WARN_RANGE_LOOP_ANALYSIS = YES;
				CLANG_WARN_STRICT_PROTOTYPES = YES;
				CLANG_WARN_SUSPICIOUS_MOVE = YES;
				CLANG_WARN_UNGUARDED_AVAILABILITY = YES_AGGRESSIVE;
				CLANG_WARN_UNREACHABLE_CODE = YES;
				CLANG_WARN__DUPLICATE_METHOD_MATCH = YES;
				COPY_PHASE_STRIP = NO;
				DEBUG_INFORMATION_FORMAT = "dwarf-with-dsym";
				ENABLE_NS_ASSERTIONS = NO;
				ENABLE_STRICT_OBJC_MSGSEND = YES;
				GCC_C_LANGUAGE_STANDARD = gnu11;
				GCC_NO_COMMON_BLOCKS = YES;
				GCC_WARN_64_TO_32_BIT_CONVERSION = YES;
				GCC_WARN_ABOUT_RETURN_TYPE = YES_ERROR;
				GCC_WARN_UNDECLARED_SELECTOR = YES;
				GCC_WARN_UNINITIALIZED_AUTOS = YES_AGGRESSIVE;
				GCC_WARN_UNUSED_FUNCTION = YES;
				GCC_WARN_UNUSED_VARIABLE = YES;
				IPHONEOS_DEPLOYMENT_TARGET = 13.4;
				MTL_ENABLE_DEBUG_INFO = NO;
				MTL_FAST_MATH = YES;
				SDKROOT = iphoneos;
				SWIFT_COMPILATION_MODE = wholemodule;
				SWIFT_OPTIMIZATION_LEVEL = "-O";
				VALIDATE_PRODUCT = YES;
			};
			name = Release;
		};
		E71CDE8624926B0B00F5EE9A /* Debug */ = {
			isa = XCBuildConfiguration;
			baseConfigurationReference = 2A873B843A01D599F50CC632 /* Pods-Eventogy.debug.xcconfig */;
			buildSettings = {
				ASSETCATALOG_COMPILER_APPICON_NAME = AppIcon;
				CODE_SIGN_STYLE = Automatic;
				DEVELOPMENT_TEAM = N2M8C53W8L;
				INFOPLIST_FILE = "$(SRCROOT)/eventogy/support/Info.plist";
				IPHONEOS_DEPLOYMENT_TARGET = 11.0;
				LD_RUNPATH_SEARCH_PATHS = (
					"$(inherited)",
					"@executable_path/Frameworks",
				);
				PRODUCT_BUNDLE_IDENTIFIER = com.zip520123.eventogy;
				PRODUCT_NAME = Eventogy;
				SWIFT_VERSION = 5.0;
				TARGETED_DEVICE_FAMILY = 1;
			};
			name = Debug;
		};
		E71CDE8724926B0B00F5EE9A /* Release */ = {
			isa = XCBuildConfiguration;
			baseConfigurationReference = E47ED9BFBE953CC934F0E25E /* Pods-Eventogy.release.xcconfig */;
			buildSettings = {
				ASSETCATALOG_COMPILER_APPICON_NAME = AppIcon;
				CODE_SIGN_STYLE = Automatic;
				DEVELOPMENT_TEAM = N2M8C53W8L;
				INFOPLIST_FILE = "$(SRCROOT)/eventogy/support/Info.plist";
				IPHONEOS_DEPLOYMENT_TARGET = 11.0;
				LD_RUNPATH_SEARCH_PATHS = (
					"$(inherited)",
					"@executable_path/Frameworks",
				);
				PRODUCT_BUNDLE_IDENTIFIER = com.zip520123.eventogy;
				PRODUCT_NAME = Eventogy;
				SWIFT_VERSION = 5.0;
				TARGETED_DEVICE_FAMILY = 1;
			};
			name = Release;
		};
		E71CDE8924926B0B00F5EE9A /* Debug */ = {
			isa = XCBuildConfiguration;
			baseConfigurationReference = 65401C0A55915638855F1873 /* Pods-EventogyTests.debug.xcconfig */;
			buildSettings = {
				ALWAYS_EMBED_SWIFT_STANDARD_LIBRARIES = YES;
				BUNDLE_LOADER = "$(TEST_HOST)";
				CODE_SIGN_STYLE = Automatic;
				DEVELOPMENT_TEAM = N2M8C53W8L;
				INFOPLIST_FILE = eventogyTests/Info.plist;
				IPHONEOS_DEPLOYMENT_TARGET = 13.4;
				LD_RUNPATH_SEARCH_PATHS = (
					"$(inherited)",
					"@executable_path/Frameworks",
					"@loader_path/Frameworks",
				);
				PRODUCT_BUNDLE_IDENTIFIER = com.zip520123.eventogyTests;
				PRODUCT_NAME = "$(TARGET_NAME)";
				SWIFT_VERSION = 5.0;
				TARGETED_DEVICE_FAMILY = "1,2";
				TEST_HOST = "$(BUILT_PRODUCTS_DIR)/Eventogy.app/Eventogy";
			};
			name = Debug;
		};
		E71CDE8A24926B0B00F5EE9A /* Release */ = {
			isa = XCBuildConfiguration;
			baseConfigurationReference = 61B203F898490D6DD22AD312 /* Pods-EventogyTests.release.xcconfig */;
			buildSettings = {
				ALWAYS_EMBED_SWIFT_STANDARD_LIBRARIES = YES;
				BUNDLE_LOADER = "$(TEST_HOST)";
				CODE_SIGN_STYLE = Automatic;
				DEVELOPMENT_TEAM = N2M8C53W8L;
				INFOPLIST_FILE = eventogyTests/Info.plist;
				IPHONEOS_DEPLOYMENT_TARGET = 13.4;
				LD_RUNPATH_SEARCH_PATHS = (
					"$(inherited)",
					"@executable_path/Frameworks",
					"@loader_path/Frameworks",
				);
				PRODUCT_BUNDLE_IDENTIFIER = com.zip520123.eventogyTests;
				PRODUCT_NAME = "$(TARGET_NAME)";
				SWIFT_VERSION = 5.0;
				TARGETED_DEVICE_FAMILY = "1,2";
				TEST_HOST = "$(BUILT_PRODUCTS_DIR)/Eventogy.app/Eventogy";
			};
			name = Release;
		};
/* End XCBuildConfiguration section */

/* Begin XCConfigurationList section */
		E71CDE5F24926B0900F5EE9A /* Build configuration list for PBXProject "Eventogy" */ = {
			isa = XCConfigurationList;
			buildConfigurations = (
				E71CDE8324926B0B00F5EE9A /* Debug */,
				E71CDE8424926B0B00F5EE9A /* Release */,
			);
			defaultConfigurationIsVisible = 0;
			defaultConfigurationName = Release;
		};
		E71CDE8524926B0B00F5EE9A /* Build configuration list for PBXNativeTarget "Eventogy" */ = {
			isa = XCConfigurationList;
			buildConfigurations = (
				E71CDE8624926B0B00F5EE9A /* Debug */,
				E71CDE8724926B0B00F5EE9A /* Release */,
			);
			defaultConfigurationIsVisible = 0;
			defaultConfigurationName = Release;
		};
		E71CDE8824926B0B00F5EE9A /* Build configuration list for PBXNativeTarget "EventogyTests" */ = {
			isa = XCConfigurationList;
			buildConfigurations = (
				E71CDE8924926B0B00F5EE9A /* Debug */,
				E71CDE8A24926B0B00F5EE9A /* Release */,
			);
			defaultConfigurationIsVisible = 0;
			defaultConfigurationName = Release;
		};
/* End XCConfigurationList section */
	};
	rootObject = E71CDE5C24926B0900F5EE9A /* Project object */;
}
